<?xml version="1.0" encoding="utf-8"?>
<Project ToolsVersion="4.0" xmlns="http://schemas.microsoft.com/developer/msbuild/2003">
  <ItemGroup>
    <Filter Include="ソース ファイル">
      <UniqueIdentifier>{4FC737F1-C7A5-4376-A066-2A32D752A2FF}</UniqueIdentifier>
      <Extensions>cpp;c;cc;cxx;c++;cppm;ixx;def;odl;idl;hpj;bat;asm;asmx</Extensions>
    </Filter>
    <Filter Include="ヘッダー ファイル">
      <UniqueIdentifier>{93995380-89BD-4b04-88EB-625FBE52EBFB}</UniqueIdentifier>
      <Extensions>h;hh;hpp;hxx;h++;hm;inl;inc;ipp;xsd</Extensions>
    </Filter>
    <Filter Include="リソース ファイル">
      <UniqueIdentifier>{67DA6AB6-F800-4c08-8B7A-83BB121AAD01}</UniqueIdentifier>
      <Extensions>rc;ico;cur;bmp;dlg;rc2;rct;bin;rgs;gif;jpg;jpeg;jpe;resx;tiff;tif;png;wav;mfcribbon-ms</Extensions>
    </Filter>
    <Filter Include="Engine">
      <UniqueIdentifier>{3dfdae9a-c558-45f4-b9cf-d105b4d2ea1d}</UniqueIdentifier>
    </Filter>
    <Filter Include="Engine\Core">
      <UniqueIdentifier>{c8a8b90a-f7bd-4785-883b-8a67381c0564}</UniqueIdentifier>
    </Filter>
    <Filter Include="Engine\Graphics">
      <UniqueIdentifier>{9f60b367-344a-41bd-8977-d8a728211e18}</UniqueIdentifier>
    </Filter>
    <Filter Include="Engine\Input">
      <UniqueIdentifier>{f66e1b66-4805-42e9-ba60-641605fc91c8}</UniqueIdentifier>
    </Filter>
    <Filter Include="Engine\Audio">
      <UniqueIdentifier>{a1b6afd9-62e8-44ce-a5bd-fc67f47239cf}</UniqueIdentifier>
    </Filter>
    <Filter Include="Engine\Scene">
      <UniqueIdentifier>{4ef9b8fd-4f35-4bbb-b58d-6a50a8420bb8}</UniqueIdentifier>
    </Filter>
    <Filter Include="Engine\Math">
      <UniqueIdentifier>{e57e0417-3766-4b41-90a6-65fd1fb100fd}</UniqueIdentifier>
    </Filter>
    <Filter Include="Engine\Debug">
      <UniqueIdentifier>{48e47bc8-51f7-44b4-ba09-508430c30261}</UniqueIdentifier>
    </Filter>
    <Filter Include="Game">
      <UniqueIdentifier>{8cb06f15-1937-4180-b9be-17b8a335961d}</UniqueIdentifier>
    </Filter>
    <Filter Include="Game\Scenes">
      <UniqueIdentifier>{35855ae4-be69-41fe-805f-8395c44bbfd4}</UniqueIdentifier>
    </Filter>
    <Filter Include="Game\Player">
      <UniqueIdentifier>{5630003c-5c53-46d9-bffe-f3baa2b24297}</UniqueIdentifier>
    </Filter>
    <Filter Include="Game\Course">
      <UniqueIdentifier>{68937771-9b02-40c5-9657-14487a7993d7}</UniqueIdentifier>
    </Filter>
    <Filter Include="Engine\Utility">
      <UniqueIdentifier>{14ef7317-e8c7-4feb-a1dc-b574549949da}</UniqueIdentifier>
    </Filter>
    <Filter Include="リソース ファイル\Shaders">
      <UniqueIdentifier>{66052835-1c89-4935-8abe-5681368e4c25}</UniqueIdentifier>
    </Filter>
    <Filter Include="Game\Scenes\Obstacle">
      <UniqueIdentifier>{297f9085-3848-46b4-8c1f-14250807bab5}</UniqueIdentifier>
    </Filter>
    <Filter Include="Game\Scenes\Title">
      <UniqueIdentifier>{f8d18a0c-62e9-4ad7-bc1d-c7cb2f38c848}</UniqueIdentifier>
    </Filter>
  </ItemGroup>
  <ItemGroup>
    <ClCompile Include="main.cpp">
      <Filter>ソース ファイル</Filter>
    </ClCompile>
    <ClCompile Include="Animation.cpp">
      <Filter>Engine\Graphics</Filter>
    </ClCompile>
    <ClCompile Include="BaseScene.cpp">
      <Filter>Engine\Scene</Filter>
    </ClCompile>
    <ClCompile Include="Camera.cpp">
      <Filter>Engine\Graphics</Filter>
    </ClCompile>
    <ClCompile Include="CourseManager.cpp">
      <Filter>Game\Course</Filter>
    </ClCompile>
    <ClCompile Include="CourseSegment.cpp">
      <Filter>Game\Course</Filter>
    </ClCompile>
    <ClCompile Include="D3DResourceLeakChecker.cpp">
      <Filter>Engine\Core</Filter>
    </ClCompile>
    <ClCompile Include="DirectXCommon.cpp">
      <Filter>Engine\Core</Filter>
    </ClCompile>
    <ClCompile Include="Framework.cpp">
      <Filter>Engine\Core</Filter>
    </ClCompile>
    <ClCompile Include="Game.cpp">
      <Filter>Game</Filter>
    </ClCompile>
    <ClCompile Include="GameOverScene.cpp">
      <Filter>Game\Scenes</Filter>
    </ClCompile>
    <ClCompile Include="GamePlayScene.cpp">
      <Filter>Game\Scenes</Filter>
    </ClCompile>
    <ClCompile Include="ImGuiManager.cpp">
      <Filter>Engine\Debug</Filter>
    </ClCompile>
    <ClCompile Include="Input.cpp">
      <Filter>Engine\Input</Filter>
    </ClCompile>
    <ClCompile Include="Logger.cpp">
      <Filter>Engine\Core</Filter>
    </ClCompile>
    <ClCompile Include="Math.cpp">
      <Filter>Engine\Math</Filter>
    </ClCompile>
    <ClCompile Include="Model.cpp">
      <Filter>Engine\Graphics</Filter>
    </ClCompile>
    <ClCompile Include="ModelCommon.cpp">
      <Filter>Engine\Graphics</Filter>
    </ClCompile>
    <ClCompile Include="Object3d.cpp">
      <Filter>Engine\Graphics</Filter>
    </ClCompile>
    <ClCompile Include="Object3dCommon.cpp">
      <Filter>Engine\Graphics</Filter>
    </ClCompile>
    <ClCompile Include="ModelManager.cpp">
      <Filter>Engine\Graphics</Filter>
    </ClCompile>
    <ClCompile Include="Obstacle.cpp">
      <Filter>Game\Scenes\Obstacle</Filter>
    </ClCompile>
    <ClCompile Include="ObstacleManager.cpp">
      <Filter>Game\Scenes\Obstacle</Filter>
    </ClCompile>
    <ClCompile Include="Player.cpp">
      <Filter>Game\Player</Filter>
    </ClCompile>
	<ClCompile Include="PlayerState.cpp">
	  <Filter>Game\Player</Filter>
	</ClCompile>
    <ClCompile Include="TitleScene.cpp">
      <Filter>Game\Scenes\Title</Filter>
    </ClCompile>
	<ClCompile Include="TitleSceneState.cpp">
	  <Filter>Game\Scenes\Title</Filter>
	</ClCompile>
    <ClCompile Include="TitleRunner.cpp">
      <Filter>Game\Scenes\Title</Filter>
    </ClCompile>
    <ClCompile Include="ParticleEmitter.cpp">
      <Filter>Engine\Graphics</Filter>
    </ClCompile>
    <ClCompile Include="ParticleManager.cpp">
      <Filter>Engine\Graphics</Filter>
    </ClCompile>
    <ClCompile Include="Skybox.cpp">
      <Filter>Engine\Graphics</Filter>
    </ClCompile>
    <ClCompile Include="Sprite.cpp">
      <Filter>Engine\Graphics</Filter>
    </ClCompile>
    <ClCompile Include="SrvManager.cpp">
      <Filter>Engine\Graphics</Filter>
    </ClCompile>
    <ClCompile Include="TextureManager.cpp">
      <Filter>Engine\Graphics</Filter>
    </ClCompile>
    <ClCompile Include="SpriteCommon.cpp">
      <Filter>Engine\Graphics</Filter>
    </ClCompile>
    <ClCompile Include="Sound.cpp">
      <Filter>Engine\Audio</Filter>
    </ClCompile>
    <ClCompile Include="SceneManager.cpp">
      <Filter>Engine\Scene</Filter>
    </ClCompile>
    <ClCompile Include="WinApp.cpp">
      <Filter>Engine\Core</Filter>
    </ClCompile>
    <ClCompile Include="StringUtility.cpp">
      <Filter>Engine\Utility</Filter>
    </ClCompile>
  </ItemGroup>
  <ItemGroup>
    <FxCompile Include="Skybox.VS.hlsl">
      <Filter>リソース ファイル\Shaders</Filter>
    </FxCompile>
    <FxCompile Include="Skybox.PS.hlsl">
      <Filter>リソース ファイル\Shaders</Filter>
    </FxCompile>
    <FxCompile Include="resources\shaders\SkinningObject3d.VS.hlsl">
      <Filter>リソース ファイル\Shaders</Filter>
    </FxCompile>
    <FxCompile Include="resources\shaders\Particle.VS.hlsl">
      <Filter>リソース ファイル\Shaders</Filter>
    </FxCompile>
    <FxCompile Include="resources\shaders\Particle.PS.hlsl">
      <Filter>リソース ファイル\Shaders</Filter>
    </FxCompile>
    <FxCompile Include="resources\shaders\Object3d.VS.hlsl">
      <Filter>リソース ファイル\Shaders</Filter>
    </FxCompile>
    <FxCompile Include="resources\shaders\Object3d.PS.hlsl">
      <Filter>リソース ファイル\Shaders</Filter>
    </FxCompile>
    <FxCompile Include="resources\shaders\Sprite.PS.hlsl">
      <Filter>リソース ファイル\Shaders</Filter>
    </FxCompile>
    <FxCompile Include="resources\shaders\Sprite.VS.hlsl">
      <Filter>リソース ファイル\Shaders</Filter>
    </FxCompile>
  </ItemGroup>
  <ItemGroup>
    <ClInclude Include="resource.h">
      <Filter>ヘッダー ファイル</Filter>
    </ClInclude>
    <ClInclude Include="Framework.h">
      <Filter>Engine\Core</Filter>
    </ClInclude>
    <ClInclude Include="DirectXCommon.h">
      <Filter>Engine\Core</Filter>
    </ClInclude>
    <ClInclude Include="D3DResourceLeakChecker.h">
      <Filter>Engine\Core</Filter>
    </ClInclude>
    <ClInclude Include="Logger.h">
      <Filter>Engine\Core</Filter>
    </ClInclude>
    <ClInclude Include="WinApp.h">
      <Filter>Engine\Core</Filter>
    </ClInclude>
    <ClInclude Include="Sprite.h">
      <Filter>Engine\Graphics</Filter>
    </ClInclude>
    <ClInclude Include="SpriteCommon.h">
      <Filter>Engine\Graphics</Filter>
    </ClInclude>
    <ClInclude Include="Object3d.h">
      <Filter>Engine\Graphics</Filter>
    </ClInclude>
    <ClInclude Include="Object3dCommon.h">
      <Filter>Engine\Graphics</Filter>
    </ClInclude>
    <ClInclude Include="ModelManager.h">
      <Filter>Engine\Graphics</Filter>
    </ClInclude>
    <ClInclude Include="ModelCommon.h">
      <Filter>Engine\Graphics</Filter>
    </ClInclude>
    <ClInclude Include="Model.h">
      <Filter>Engine\Graphics</Filter>
    </ClInclude>
    <ClInclude Include="TextureManager.h">
      <Filter>Engine\Graphics</Filter>
    </ClInclude>
    <ClInclude Include="SrvManager.h">
      <Filter>Engine\Graphics</Filter>
    </ClInclude>
    <ClInclude Include="Camera.h">
      <Filter>Engine\Graphics</Filter>
    </ClInclude>
    <ClInclude Include="Animation.h">
      <Filter>Engine\Graphics</Filter>
    </ClInclude>
    <ClInclude Include="Skybox.h">
      <Filter>Engine\Graphics</Filter>
    </ClInclude>
    <ClInclude Include="ParticleManager.h">
      <Filter>Engine\Graphics</Filter>
    </ClInclude>
    <ClInclude Include="ParticleEmitter.h">
      <Filter>Engine\Graphics</Filter>
    </ClInclude>
    <ClInclude Include="Input.h">
      <Filter>Engine\Input</Filter>
    </ClInclude>
    <ClInclude Include="Sound.h">
      <Filter>Engine\Audio</Filter>
    </ClInclude>
    <ClInclude Include="BaseScene.h">
      <Filter>Engine\Scene</Filter>
    </ClInclude>
    <ClInclude Include="SceneManager.h">
      <Filter>Engine\Scene</Filter>
    </ClInclude>
    <ClInclude Include="Math.h">
      <Filter>Engine\Math</Filter>
    </ClInclude>
    <ClInclude Include="ImGuiManager.h">
      <Filter>Engine\Debug</Filter>
    </ClInclude>
    <ClInclude Include="TitleScene.h">
      <Filter>Game\Scenes\Title</Filter>
    </ClInclude>
	<ClInclude Include="TitleSceneState.h">
	  <Filter>Game\Scenes\Title</Filter>
	</ClInclude>
    <ClInclude Include="TitleRunner.h">
      <Filter>Game\Scenes\Title</Filter>
    </ClInclude>
    <ClInclude Include="GamePlayScene.h">
      <Filter>Game\Scenes</Filter>
    </ClInclude>
    <ClInclude Include="GameOverScene.h">
      <Filter>Game\Scenes</Filter>
    </ClInclude>
    <ClInclude Include="Player.h">
      <Filter>Game\Player</Filter>
    </ClInclude>
	<ClInclude Include="PlayerState.h">
	  <Filter>Game\Player</Filter>
	</ClInclude>
    <ClInclude Include="Obstacle.h">
      <Filter>Game\Scenes\Obstacle</Filter>
    </ClInclude>
    <ClInclude Include="ObstacleManager.h">
      <Filter>Game\Scenes\Obstacle</Filter>
    </ClInclude>
    <ClInclude Include="CourseSegment.h">
      <Filter>Game\Course</Filter>
    </ClInclude>
    <ClInclude Include="CourseManager.h">
      <Filter>Game\Course</Filter>
    </ClInclude>
    <ClInclude Include="StringUtility.h">
      <Filter>Engine\Utility</Filter>
    </ClInclude>
    <ClInclude Include="Game.h">
      <Filter>Game</Filter>
    </ClInclude>
  </ItemGroup>
  <ItemGroup>
    <None Include="resources\shaders\Object3d.hlsli">
      <Filter>リソース ファイル\Shaders</Filter>
    </None>
    <None Include="Skybox.hlsli">
      <Filter>リソース ファイル\Shaders</Filter>
    </None>
    <None Include="resources\shaders\Particle.hlsli">
      <Filter>リソース ファイル\Shaders</Filter>
    </None>
    <None Include="resources\title\title.png">
      <Filter>リソース ファイル</Filter>
    </None>
    <None Include="resources\title\PLAY.png">
      <Filter>リソース ファイル</Filter>
    </None>
    <None Include="resources\title\EXIT.png">
      <Filter>リソース ファイル</Filter>
    </None>
  </ItemGroup>
  <ItemGroup>
    <ResourceCompile Include="CG2.rc">
      <Filter>リソース ファイル</Filter>
    </ResourceCompile>
  </ItemGroup>
</Project>
