
Microsoft Visual Studio Solution File, Format Version 12.00
# Visual Studio Version 18
VisualStudioVersion = 18.6.11828.311 oobstable
MinimumVisualStudioVersion = 10.0.40219.1
Project("{8BC9CEB8-8B4A-11D0-8D11-00A0C91BC942}") = "WP0", "CG2.vcxproj", "{F5495B7E-F8B2-4073-8D11-D53F2EC8E7F2}"
	ProjectSection(ProjectDependencies) = postProject
		{3A15F0D1-3B6F-4AE6-8B2E-E25442AB02C2} = {3A15F0D1-3B6F-4AE6-8B2E-E25442AB02C2}
	EndProjectSection
EndProject
Project("{2150E333-8FDC-42A3-9474-1A3956D46DE8}") = "ソリューション項目", "ソリューション項目", "{2022CB0F-8BAF-F49E-0C48-8EF4C96EC109}"
	ProjectSection(SolutionItems) = preProject
		.editorconfig = .editorconfig
	EndProjectSection
EndProject
Project("{8BC9CEB8-8B4A-11D0-8D11-00A0C91BC942}") = "DirectXTex", "externals\DirectXTex\DirectXTex_Desktop_2022.vcxproj", "{371B9FA9-4C90-4AC6-A123-ACED756D6C77}"
EndProject
Project("{8BC9CEB8-8B4A-11D0-8D11-00A0C91BC942}") = "imgui", "externals\imgui\imgui.vcxproj", "{3A15F0D1-3B6F-4AE6-8B2E-E25442AB02C2}"
EndProject
Global
	GlobalSection(SolutionConfigurationPlatforms) = preSolution
		Debug|x64 = Debug|x64
		Development|x64 = Development|x64
		Release|x64 = Release|x64
	EndGlobalSection
	GlobalSection(ProjectConfigurationPlatforms) = postSolution
		{F5495B7E-F8B2-4073-8D11-D53F2EC8E7F2}.Debug|x64.ActiveCfg = Debug|x64
		{F5495B7E-F8B2-4073-8D11-D53F2EC8E7F2}.Debug|x64.Build.0 = Debug|x64
		{F5495B7E-F8B2-4073-8D11-D53F2EC8E7F2}.Development|x64.ActiveCfg = Development|x64
		{F5495B7E-F8B2-4073-8D11-D53F2EC8E7F2}.Development|x64.Build.0 = Development|x64
		{F5495B7E-F8B2-4073-8D11-D53F2EC8E7F2}.Release|x64.ActiveCfg = Release|x64
		{F5495B7E-F8B2-4073-8D11-D53F2EC8E7F2}.Release|x64.Build.0 = Release|x64
		{371B9FA9-4C90-4AC6-A123-ACED756D6C77}.Debug|x64.ActiveCfg = Debug|x64
		{371B9FA9-4C90-4AC6-A123-ACED756D6C77}.Debug|x64.Build.0 = Debug|x64
		{371B9FA9-4C90-4AC6-A123-ACED756D6C77}.Development|x64.ActiveCfg = Development|x64
		{371B9FA9-4C90-4AC6-A123-ACED756D6C77}.Development|x64.Build.0 = Development|x64
		{371B9FA9-4C90-4AC6-A123-ACED756D6C77}.Release|x64.ActiveCfg = Release|x64
		{371B9FA9-4C90-4AC6-A123-ACED756D6C77}.Release|x64.Build.0 = Release|x64
		{3A15F0D1-3B6F-4AE6-8B2E-E25442AB02C2}.Debug|x64.ActiveCfg = Debug|x64
		{3A15F0D1-3B6F-4AE6-8B2E-E25442AB02C2}.Debug|x64.Build.0 = Debug|x64
		{3A15F0D1-3B6F-4AE6-8B2E-E25442AB02C2}.Development|x64.ActiveCfg = Release|x64
		{3A15F0D1-3B6F-4AE6-8B2E-E25442AB02C2}.Development|x64.Build.0 = Release|x64
		{3A15F0D1-3B6F-4AE6-8B2E-E25442AB02C2}.Release|x64.ActiveCfg = Release|x64
		{3A15F0D1-3B6F-4AE6-8B2E-E25442AB02C2}.Release|x64.Build.0 = Release|x64
	EndGlobalSection
	GlobalSection(SolutionProperties) = preSolution
		HideSolutionNode = FALSE
	EndGlobalSection
	GlobalSection(ExtensibilityGlobals) = postSolution
		SolutionGuid = {63DA2AA5-1E84-40C4-ADCF-9141C6631A5B}
	EndGlobalSection
EndGlobal
